
Microsoft Visual Studio Solution File, Format Version 12.00
# Visual Studio Version 17
VisualStudioVersion = 17.2.32602.215
MinimumVisualStudioVersion = 10.0.40219.1
Project("{9A19103F-16F7-4668-BE54-9A1E7A4F7556}") = "read_write_files", "read_write_files.csproj", "{F6EFA813-A44C-457A-94AA-67737A4E6C75}"
EndProject
Project("{2150E333-8FDC-42A3-9474-1A3956D46DE8}") = "utils", "utils", "{3C1AB2B9-BE63-4D8E-B332-DF6C3FAD0E2F}"
	ProjectSection(SolutionItems) = preProject
		Menu.cs = Menu.cs
	EndProjectSection
EndProject
Global
	GlobalSection(SolutionConfigurationPlatforms) = preSolution
		Debug|Any CPU = Debug|Any CPU
		Release|Any CPU = Release|Any CPU
	EndGlobalSection
	GlobalSection(ProjectConfigurationPlatforms) = postSolution
		{F6EFA813-A44C-457A-94AA-67737A4E6C75}.Debug|Any CPU.ActiveCfg = Debug|Any CPU
		{F6EFA813-A44C-457A-94AA-67737A4E6C75}.Debug|Any CPU.Build.0 = Debug|Any CPU
		{F6EFA813-A44C-457A-94AA-67737A4E6C75}.Release|Any CPU.ActiveCfg = Release|Any CPU
		{F6EFA813-A44C-457A-94AA-67737A4E6C75}.Release|Any CPU.Build.0 = Release|Any CPU
	EndGlobalSection
	GlobalSection(SolutionProperties) = preSolution
		HideSolutionNode = FALSE
	EndGlobalSection
	GlobalSection(ExtensibilityGlobals) = postSolution
		SolutionGuid = {563F8861-C0A7-412D-BC62-618BBC1B0F60}
	EndGlobalSection
EndGlobal
